<Solution>
  <Project Path="BibliotecaMusicalBack.Api/BibliotecaMusicalBack.Api.csproj" />
  <Project Path="BibliotecaMusicalBack.Application/BibliotecaMusicalBack.Application.csproj" />
  <Project Path="BibliotecaMusicalBack.Domain/BibliotecaMusicalBack.Domain.csproj" />
  <Project Path="BibliotecaMusicalBack.Infrastructure/BibliotecaMusicalBack.Infrastructure.csproj" />
  <Project Path="BibliotecaMusicalBack.Shared/BibliotecaMusicalBack.Shared.csproj" />
  <Project Path="BibliotecaMusicalBack.Tests/BibliotecaMusicalBack.Tests.csproj" />
</Solution>
